
Microsoft Visual Studio Solution File, Format Version 11.00
# Visual Studio 2010
Project("{FAE04EC0-301F-11D3-BF4B-00C04F79EFBC}") = "WarriorGraphicMaster", "WarriorGraphicMaster\WarriorGraphicMaster.csproj", "{2B55A8EC-6BDB-4D12-913A-1FC1C1CF755D}"
EndProject
Global
	GlobalSection(SolutionConfigurationPlatforms) = preSolution
		Debug|x86 = Debug|x86
		Release|x86 = Release|x86
	EndGlobalSection
	GlobalSection(ProjectConfigurationPlatforms) = postSolution
		{2B55A8EC-6BDB-4D12-913A-1FC1C1CF755D}.Debug|x86.ActiveCfg = Debug|x86
		{2B55A8EC-6BDB-4D12-913A-1FC1C1CF755D}.Debug|x86.Build.0 = Debug|x86
		{2B55A8EC-6BDB-4D12-913A-1FC1C1CF755D}.Release|x86.ActiveCfg = Release|x86
		{2B55A8EC-6BDB-4D12-913A-1FC1C1CF755D}.Release|x86.Build.0 = Release|x86
	EndGlobalSection
	GlobalSection(SolutionProperties) = preSolution
		HideSolutionNode = FALSE
	EndGlobalSection
EndGlobal
